// !$*UTF8*$!
{
	archiveVersion = 1;
	classes = {
	};
	objectVersion = 50;
	objects = {

/* Begin PBXBuildFile section */
		2709AC9D258D03CE00A4A548 /* BillExpense.swift in Sources */ = {isa = PBXBuildFile; fileRef = 2709AC9C258D03CE00A4A548 /* BillExpense.swift */; };
		2709ACA8258D04EA00A4A548 /* CheckoutView.swift in Sources */ = {isa = PBXBuildFile; fileRef = 2709ACA7258D04EA00A4A548 /* CheckoutView.swift */; };
		2709ACAD258D050B00A4A548 /* Bill.swift in Sources */ = {isa = PBXBuildFile; fileRef = 2709ACAC258D050B00A4A548 /* Bill.swift */; };
		2709ACB3258D11A400A4A548 /* PriceFormatter.swift in Sources */ = {isa = PBXBuildFile; fileRef = 2709ACB2258D11A400A4A548 /* PriceFormatter.swift */; };
		2709ACC1258D1DDC00A4A548 /* BillTests.swift in Sources */ = {isa = PBXBuildFile; fileRef = 2709ACC0258D1DDC00A4A548 /* BillTests.swift */; };
		27135229258BBFE2003DF55F /* BillSplitApp.swift in Sources */ = {isa = PBXBuildFile; fileRef = 27135228258BBFE2003DF55F /* BillSplitApp.swift */; };
		2713522B258BBFE2003DF55F /* BillView.swift in Sources */ = {isa = PBXBuildFile; fileRef = 2713522A258BBFE2003DF55F /* BillView.swift */; };
		2713522D258BBFE4003DF55F /* Assets.xcassets in Resources */ = {isa = PBXBuildFile; fileRef = 2713522C258BBFE4003DF55F /* Assets.xcassets */; };
		27135230258BBFE4003DF55F /* Preview Assets.xcassets in Resources */ = {isa = PBXBuildFile; fileRef = 2713522F258BBFE4003DF55F /* Preview Assets.xcassets */; };
		2713523B258BBFE5003DF55F /* BillSplitTests.swift in Sources */ = {isa = PBXBuildFile; fileRef = 2713523A258BBFE5003DF55F /* BillSplitTests.swift */; };
		27135246258BBFE5003DF55F /* BillSplitUITests.swift in Sources */ = {isa = PBXBuildFile; fileRef = 27135245258BBFE5003DF55F /* BillSplitUITests.swift */; };
		27135257258BCC50003DF55F /* ExpenseListCell.swift in Sources */ = {isa = PBXBuildFile; fileRef = 27135256258BCC50003DF55F /* ExpenseListCell.swift */; };
		2713525F258BD1DC003DF55F /* RoundedButtonStyle.swift in Sources */ = {isa = PBXBuildFile; fileRef = 2713525E258BD1DC003DF55F /* RoundedButtonStyle.swift */; };
		27135267258BD880003DF55F /* CreateItemView.swift in Sources */ = {isa = PBXBuildFile; fileRef = 27135266258BD880003DF55F /* CreateItemView.swift */; };
/* End PBXBuildFile section */

/* Begin PBXContainerItemProxy section */
		27135237258BBFE5003DF55F /* PBXContainerItemProxy */ = {
			isa = PBXContainerItemProxy;
			containerPortal = 2713521D258BBFE2003DF55F /* Project object */;
			proxyType = 1;
			remoteGlobalIDString = 27135224258BBFE2003DF55F;
			remoteInfo = BillSplit;
		};
		27135242258BBFE5003DF55F /* PBXContainerItemProxy */ = {
			isa = PBXContainerItemProxy;
			containerPortal = 2713521D258BBFE2003DF55F /* Project object */;
			proxyType = 1;
			remoteGlobalIDString = 27135224258BBFE2003DF55F;
			remoteInfo = BillSplit;
		};
/* End PBXContainerItemProxy section */

/* Begin PBXFileReference section */
		2709AC9C258D03CE00A4A548 /* BillExpense.swift */ = {isa = PBXFileReference; lastKnownFileType = sourcecode.swift; path = BillExpense.swift; sourceTree = "<group>"; };
		2709ACA7258D04EA00A4A548 /* CheckoutView.swift */ = {isa = PBXFileReference; lastKnownFileType = sourcecode.swift; path = CheckoutView.swift; sourceTree = "<group>"; };
		2709ACAC258D050B00A4A548 /* Bill.swift */ = {isa = PBXFileReference; lastKnownFileType = sourcecode.swift; path = Bill.swift; sourceTree = "<group>"; };
		2709ACB2258D11A400A4A548 /* PriceFormatter.swift */ = {isa = PBXFileReference; lastKnownFileType = sourcecode.swift; path = PriceFormatter.swift; sourceTree = "<group>"; };
		2709ACC0258D1DDC00A4A548 /* BillTests.swift */ = {isa = PBXFileReference; lastKnownFileType = sourcecode.swift; path = BillTests.swift; sourceTree = "<group>"; };
		27135225258BBFE2003DF55F /* BillSplit.app */ = {isa = PBXFileReference; explicitFileType = wrapper.application; includeInIndex = 0; path = BillSplit.app; sourceTree = BUILT_PRODUCTS_DIR; };
		27135228258BBFE2003DF55F /* BillSplitApp.swift */ = {isa = PBXFileReference; lastKnownFileType = sourcecode.swift; path = BillSplitApp.swift; sourceTree = "<group>"; };
		2713522A258BBFE2003DF55F /* BillView.swift */ = {isa = PBXFileReference; lastKnownFileType = sourcecode.swift; path = BillView.swift; sourceTree = "<group>"; };
		2713522C258BBFE4003DF55F /* Assets.xcassets */ = {isa = PBXFileReference; lastKnownFileType = folder.assetcatalog; path = Assets.xcassets; sourceTree = "<group>"; };
		2713522F258BBFE4003DF55F /* Preview Assets.xcassets */ = {isa = PBXFileReference; lastKnownFileType = folder.assetcatalog; path = "Preview Assets.xcassets"; sourceTree = "<group>"; };
		27135231258BBFE4003DF55F /* Info.plist */ = {isa = PBXFileReference; lastKnownFileType = text.plist.xml; path = Info.plist; sourceTree = "<group>"; };
		27135236258BBFE5003DF55F /* BillSplitTests.xctest */ = {isa = PBXFileReference; explicitFileType = wrapper.cfbundle; includeInIndex = 0; path = BillSplitTests.xctest; sourceTree = BUILT_PRODUCTS_DIR; };
		2713523A258BBFE5003DF55F /* BillSplitTests.swift */ = {isa = PBXFileReference; lastKnownFileType = sourcecode.swift; path = BillSplitTests.swift; sourceTree = "<group>"; };
		2713523C258BBFE5003DF55F /* Info.plist */ = {isa = PBXFileReference; lastKnownFileType = text.plist.xml; path = Info.plist; sourceTree = "<group>"; };
		27135241258BBFE5003DF55F /* BillSplitUITests.xctest */ = {isa = PBXFileReference; explicitFileType = wrapper.cfbundle; includeInIndex = 0; path = BillSplitUITests.xctest; sourceTree = BUILT_PRODUCTS_DIR; };
		27135245258BBFE5003DF55F /* BillSplitUITests.swift */ = {isa = PBXFileReference; lastKnownFileType = sourcecode.swift; path = BillSplitUITests.swift; sourceTree = "<group>"; };
		27135247258BBFE5003DF55F /* Info.plist */ = {isa = PBXFileReference; lastKnownFileType = text.plist.xml; path = Info.plist; sourceTree = "<group>"; };
		27135256258BCC50003DF55F /* ExpenseListCell.swift */ = {isa = PBXFileReference; lastKnownFileType = sourcecode.swift; path = ExpenseListCell.swift; sourceTree = "<group>"; };
		2713525E258BD1DC003DF55F /* RoundedButtonStyle.swift */ = {isa = PBXFileReference; lastKnownFileType = sourcecode.swift; path = RoundedButtonStyle.swift; sourceTree = "<group>"; };
		27135266258BD880003DF55F /* CreateItemView.swift */ = {isa = PBXFileReference; lastKnownFileType = sourcecode.swift; path = CreateItemView.swift; sourceTree = "<group>"; };
/* End PBXFileReference section */

/* Begin PBXFrameworksBuildPhase section */
		27135222258BBFE2003DF55F /* Frameworks */ = {
			isa = PBXFrameworksBuildPhase;
			buildActionMask = 2147483647;
			files = (
			);
			runOnlyForDeploymentPostprocessing = 0;
		};
		27135233258BBFE5003DF55F /* Frameworks */ = {
			isa = PBXFrameworksBuildPhase;
			buildActionMask = 2147483647;
			files = (
			);
			runOnlyForDeploymentPostprocessing = 0;
		};
		2713523E258BBFE5003DF55F /* Frameworks */ = {
			isa = PBXFrameworksBuildPhase;
			buildActionMask = 2147483647;
			files = (
			);
			runOnlyForDeploymentPostprocessing = 0;
		};
/* End PBXFrameworksBuildPhase section */

/* Begin PBXGroup section */
		2709AC7C258CC58200A4A548 /* Models */ = {
			isa = PBXGroup;
			children = (
				2709AC9C258D03CE00A4A548 /* BillExpense.swift */,
				2709ACAC258D050B00A4A548 /* Bill.swift */,
			);
			path = Models;
			sourceTree = "<group>";
		};
		2709ACB1258D119200A4A548 /* Shared */ = {
			isa = PBXGroup;
			children = (
				2709ACB2258D11A400A4A548 /* PriceFormatter.swift */,
			);
			path = Shared;
			sourceTree = "<group>";
		};
		2713521C258BBFE2003DF55F = {
			isa = PBXGroup;
			children = (
				27135227258BBFE2003DF55F /* BillSplit */,
				27135239258BBFE5003DF55F /* BillSplitTests */,
				27135244258BBFE5003DF55F /* BillSplitUITests */,
				27135226258BBFE2003DF55F /* Products */,
			);
			sourceTree = "<group>";
		};
		27135226258BBFE2003DF55F /* Products */ = {
			isa = PBXGroup;
			children = (
				27135225258BBFE2003DF55F /* BillSplit.app */,
				27135236258BBFE5003DF55F /* BillSplitTests.xctest */,
				27135241258BBFE5003DF55F /* BillSplitUITests.xctest */,
			);
			name = Products;
			sourceTree = "<group>";
		};
		27135227258BBFE2003DF55F /* BillSplit */ = {
			isa = PBXGroup;
			children = (
				2709ACB1258D119200A4A548 /* Shared */,
				2709AC7C258CC58200A4A548 /* Models */,
				27135271258BF433003DF55F /* Scenes */,
				27135228258BBFE2003DF55F /* BillSplitApp.swift */,
				2713522C258BBFE4003DF55F /* Assets.xcassets */,
				27135231258BBFE4003DF55F /* Info.plist */,
				2713522E258BBFE4003DF55F /* Preview Content */,
			);
			path = BillSplit;
			sourceTree = "<group>";
		};
		2713522E258BBFE4003DF55F /* Preview Content */ = {
			isa = PBXGroup;
			children = (
				2713522F258BBFE4003DF55F /* Preview Assets.xcassets */,
			);
			path = "Preview Content";
			sourceTree = "<group>";
		};
		27135239258BBFE5003DF55F /* BillSplitTests */ = {
			isa = PBXGroup;
			children = (
				2709ACC0258D1DDC00A4A548 /* BillTests.swift */,
				2713523A258BBFE5003DF55F /* BillSplitTests.swift */,
				2713523C258BBFE5003DF55F /* Info.plist */,
			);
			path = BillSplitTests;
			sourceTree = "<group>";
		};
		27135244258BBFE5003DF55F /* BillSplitUITests */ = {
			isa = PBXGroup;
			children = (
				27135245258BBFE5003DF55F /* BillSplitUITests.swift */,
				27135247258BBFE5003DF55F /* Info.plist */,
			);
			path = BillSplitUITests;
			sourceTree = "<group>";
		};
		27135271258BF433003DF55F /* Scenes */ = {
			isa = PBXGroup;
			children = (
				27135272258BF451003DF55F /* Components */,
				2713522A258BBFE2003DF55F /* BillView.swift */,
				27135266258BD880003DF55F /* CreateItemView.swift */,
				2709ACA7258D04EA00A4A548 /* CheckoutView.swift */,
			);
			path = Scenes;
			sourceTree = "<group>";
		};
		27135272258BF451003DF55F /* Components */ = {
			isa = PBXGroup;
			children = (
				2713525E258BD1DC003DF55F /* RoundedButtonStyle.swift */,
				27135256258BCC50003DF55F /* ExpenseListCell.swift */,
			);
			path = Components;
			sourceTree = "<group>";
		};
/* End PBXGroup section */

/* Begin PBXNativeTarget section */
		27135224258BBFE2003DF55F /* BillSplit */ = {
			isa = PBXNativeTarget;
			buildConfigurationList = 2713524A258BBFE5003DF55F /* Build configuration list for PBXNativeTarget "BillSplit" */;
			buildPhases = (
				27135221258BBFE2003DF55F /* Sources */,
				27135222258BBFE2003DF55F /* Frameworks */,
				27135223258BBFE2003DF55F /* Resources */,
			);
			buildRules = (
			);
			dependencies = (
			);
			name = BillSplit;
			productName = BillSplit;
			productReference = 27135225258BBFE2003DF55F /* BillSplit.app */;
			productType = "com.apple.product-type.application";
		};
		27135235258BBFE5003DF55F /* BillSplitTests */ = {
			isa = PBXNativeTarget;
			buildConfigurationList = 2713524D258BBFE5003DF55F /* Build configuration list for PBXNativeTarget "BillSplitTests" */;
			buildPhases = (
				27135232258BBFE5003DF55F /* Sources */,
				27135233258BBFE5003DF55F /* Frameworks */,
				27135234258BBFE5003DF55F /* Resources */,
			);
			buildRules = (
			);
			dependencies = (
				27135238258BBFE5003DF55F /* PBXTargetDependency */,
			);
			name = BillSplitTests;
			productName = BillSplitTests;
			productReference = 27135236258BBFE5003DF55F /* BillSplitTests.xctest */;
			productType = "com.apple.product-type.bundle.unit-test";
		};
		27135240258BBFE5003DF55F /* BillSplitUITests */ = {
			isa = PBXNativeTarget;
			buildConfigurationList = 27135250258BBFE5003DF55F /* Build configuration list for PBXNativeTarget "BillSplitUITests" */;
			buildPhases = (
				2713523D258BBFE5003DF55F /* Sources */,
				2713523E258BBFE5003DF55F /* Frameworks */,
				2713523F258BBFE5003DF55F /* Resources */,
			);
			buildRules = (
			);
			dependencies = (
				27135243258BBFE5003DF55F /* PBXTargetDependency */,
			);
			name = BillSplitUITests;
			productName = BillSplitUITests;
			productReference = 27135241258BBFE5003DF55F /* BillSplitUITests.xctest */;
			productType = "com.apple.product-type.bundle.ui-testing";
		};
/* End PBXNativeTarget section */

/* Begin PBXProject section */
		2713521D258BBFE2003DF55F /* Project object */ = {
			isa = PBXProject;
			attributes = {
				LastSwiftUpdateCheck = 1230;
				LastUpgradeCheck = 1230;
				TargetAttributes = {
					27135224258BBFE2003DF55F = {
						CreatedOnToolsVersion = 12.3;
					};
					27135235258BBFE5003DF55F = {
						CreatedOnToolsVersion = 12.3;
						TestTargetID = 27135224258BBFE2003DF55F;
					};
					27135240258BBFE5003DF55F = {
						CreatedOnToolsVersion = 12.3;
						TestTargetID = 27135224258BBFE2003DF55F;
					};
				};
			};
			buildConfigurationList = 27135220258BBFE2003DF55F /* Build configuration list for PBXProject "BillSplit" */;
			compatibilityVersion = "Xcode 9.3";
			developmentRegion = en;
			hasScannedForEncodings = 0;
			knownRegions = (
				en,
				Base,
			);
			mainGroup = 2713521C258BBFE2003DF55F;
			productRefGroup = 27135226258BBFE2003DF55F /* Products */;
			projectDirPath = "";
			projectRoot = "";
			targets = (
				27135224258BBFE2003DF55F /* BillSplit */,
				27135235258BBFE5003DF55F /* BillSplitTests */,
				27135240258BBFE5003DF55F /* BillSplitUITests */,
			);
		};
/* End PBXProject section */

/* Begin PBXResourcesBuildPhase section */
		27135223258BBFE2003DF55F /* Resources */ = {
			isa = PBXResourcesBuildPhase;
			buildActionMask = 2147483647;
			files = (
				27135230258BBFE4003DF55F /* Preview Assets.xcassets in Resources */,
				2713522D258BBFE4003DF55F /* Assets.xcassets in Resources */,
			);
			runOnlyForDeploymentPostprocessing = 0;
		};
		27135234258BBFE5003DF55F /* Resources */ = {
			isa = PBXResourcesBuildPhase;
			buildActionMask = 2147483647;
			files = (
			);
			runOnlyForDeploymentPostprocessing = 0;
		};
		2713523F258BBFE5003DF55F /* Resources */ = {
			isa = PBXResourcesBuildPhase;
			buildActionMask = 2147483647;
			files = (
			);
			runOnlyForDeploymentPostprocessing = 0;
		};
/* End PBXResourcesBuildPhase section */

/* Begin PBXSourcesBuildPhase section */
		27135221258BBFE2003DF55F /* Sources */ = {
			isa = PBXSourcesBuildPhase;
			buildActionMask = 2147483647;
			files = (
				2709ACAD258D050B00A4A548 /* Bill.swift in Sources */,
				2713522B258BBFE2003DF55F /* BillView.swift in Sources */,
				27135267258BD880003DF55F /* CreateItemView.swift in Sources */,
				2709AC9D258D03CE00A4A548 /* BillExpense.swift in Sources */,
				2709ACA8258D04EA00A4A548 /* CheckoutView.swift in Sources */,
				27135257258BCC50003DF55F /* ExpenseListCell.swift in Sources */,
				2713525F258BD1DC003DF55F /* RoundedButtonStyle.swift in Sources */,
				27135229258BBFE2003DF55F /* BillSplitApp.swift in Sources */,
				2709ACB3258D11A400A4A548 /* PriceFormatter.swift in Sources */,
			);
			runOnlyForDeploymentPostprocessing = 0;
		};
		27135232258BBFE5003DF55F /* Sources */ = {
			isa = PBXSourcesBuildPhase;
			buildActionMask = 2147483647;
			files = (
				2709ACC1258D1DDC00A4A548 /* BillTests.swift in Sources */,
				2713523B258BBFE5003DF55F /* BillSplitTests.swift in Sources */,
			);
			runOnlyForDeploymentPostprocessing = 0;
		};
		2713523D258BBFE5003DF55F /* Sources */ = {
			isa = PBXSourcesBuildPhase;
			buildActionMask = 2147483647;
			files = (
				27135246258BBFE5003DF55F /* BillSplitUITests.swift in Sources */,
			);
			runOnlyForDeploymentPostprocessing = 0;
		};
/* End PBXSourcesBuildPhase section */

/* Begin PBXTargetDependency section */
		27135238258BBFE5003DF55F /* PBXTargetDependency */ = {
			isa = PBXTargetDependency;
			target = 27135224258BBFE2003DF55F /* BillSplit */;
			targetProxy = 27135237258BBFE5003DF55F /* PBXContainerItemProxy */;
		};
		27135243258BBFE5003DF55F /* PBXTargetDependency */ = {
			isa = PBXTargetDependency;
			target = 27135224258BBFE2003DF55F /* BillSplit */;
			targetProxy = 27135242258BBFE5003DF55F /* PBXContainerItemProxy */;
		};
/* End PBXTargetDependency section */

/* Begin XCBuildConfiguration section */
		27135248258BBFE5003DF55F /* Debug */ = {
			isa = XCBuildConfiguration;
			buildSettings = {
				ALWAYS_SEARCH_USER_PATHS = NO;
				CLANG_ANALYZER_NONNULL = YES;
				CLANG_ANALYZER_NUMBER_OBJECT_CONVERSION = YES_AGGRESSIVE;
				CLANG_CXX_LANGUAGE_STANDARD = "gnu++14";
				CLANG_CXX_LIBRARY = "libc++";
				CLANG_ENABLE_MODULES = YES;
				CLANG_ENABLE_OBJC_ARC = YES;
				CLANG_ENABLE_OBJC_WEAK = YES;
				CLANG_WARN_BLOCK_CAPTURE_AUTORELEASING = YES;
				CLANG_WARN_BOOL_CONVERSION = YES;
				CLANG_WARN_COMMA = YES;
				CLANG_WARN_CONSTANT_CONVERSION = YES;
				CLANG_WARN_DEPRECATED_OBJC_IMPLEMENTATIONS = YES;
				CLANG_WARN_DIRECT_OBJC_ISA_USAGE = YES_ERROR;
				CLANG_WARN_DOCUMENTATION_COMMENTS = YES;
				CLANG_WARN_EMPTY_BODY = YES;
				CLANG_WARN_ENUM_CONVERSION = YES;
				CLANG_WARN_INFINITE_RECURSION = YES;
				CLANG_WARN_INT_CONVERSION = YES;
				CLANG_WARN_NON_LITERAL_NULL_CONVERSION = YES;
				CLANG_WARN_OBJC_IMPLICIT_RETAIN_SELF = YES;
				CLANG_WARN_OBJC_LITERAL_CONVERSION = YES;
				CLANG_WARN_OBJC_ROOT_CLASS = YES_ERROR;
				CLANG_WARN_QUOTED_INCLUDE_IN_FRAMEWORK_HEADER = YES;
				CLANG_WARN_RANGE_LOOP_ANALYSIS = YES;
				CLANG_WARN_STRICT_PROTOTYPES = YES;
				CLANG_WARN_SUSPICIOUS_MOVE = YES;
				CLANG_WARN_UNGUARDED_AVAILABILITY = YES_AGGRESSIVE;
				CLANG_WARN_UNREACHABLE_CODE = YES;
				CLANG_WARN__DUPLICATE_METHOD_MATCH = YES;
				COPY_PHASE_STRIP = NO;
				DEBUG_INFORMATION_FORMAT = dwarf;
				ENABLE_STRICT_OBJC_MSGSEND = YES;
				ENABLE_TESTABILITY = YES;
				GCC_C_LANGUAGE_STANDARD = gnu11;
				GCC_DYNAMIC_NO_PIC = NO;
				GCC_NO_COMMON_BLOCKS = YES;
				GCC_OPTIMIZATION_LEVEL = 0;
				GCC_PREPROCESSOR_DEFINITIONS = (
					"DEBUG=1",
					"$(inherited)",
				);
				GCC_WARN_64_TO_32_BIT_CONVERSION = YES;
				GCC_WARN_ABOUT_RETURN_TYPE = YES_ERROR;
				GCC_WARN_UNDECLARED_SELECTOR = YES;
				GCC_WARN_UNINITIALIZED_AUTOS = YES_AGGRESSIVE;
				GCC_WARN_UNUSED_FUNCTION = YES;
				GCC_WARN_UNUSED_VARIABLE = YES;
				IPHONEOS_DEPLOYMENT_TARGET = 14.3;
				MTL_ENABLE_DEBUG_INFO = INCLUDE_SOURCE;
				MTL_FAST_MATH = YES;
				ONLY_ACTIVE_ARCH = YES;
				SDKROOT = iphoneos;
				SWIFT_ACTIVE_COMPILATION_CONDITIONS = DEBUG;
				SWIFT_OPTIMIZATION_LEVEL = "-Onone";
			};
			name = Debug;
		};
		27135249258BBFE5003DF55F /* Release */ = {
			isa = XCBuildConfiguration;
			buildSettings = {
				ALWAYS_SEARCH_USER_PATHS = NO;
				CLANG_ANALYZER_NONNULL = YES;
				CLANG_ANALYZER_NUMBER_OBJECT_CONVERSION = YES_AGGRESSIVE;
				CLANG_CXX_LANGUAGE_STANDARD = "gnu++14";
				CLANG_CXX_LIBRARY = "libc++";
				CLANG_ENABLE_MODULES = YES;
				CLANG_ENABLE_OBJC_ARC = YES;
				CLANG_ENABLE_OBJC_WEAK = YES;
				CLANG_WARN_BLOCK_CAPTURE_AUTORELEASING = YES;
				CLANG_WARN_BOOL_CONVERSION = YES;
				CLANG_WARN_COMMA = YES;
				CLANG_WARN_CONSTANT_CONVERSION = YES;
				CLANG_WARN_DEPRECATED_OBJC_IMPLEMENTATIONS = YES;
				CLANG_WARN_DIRECT_OBJC_ISA_USAGE = YES_ERROR;
				CLANG_WARN_DOCUMENTATION_COMMENTS = YES;
				CLANG_WARN_EMPTY_BODY = YES;
				CLANG_WARN_ENUM_CONVERSION = YES;
				CLANG_WARN_INFINITE_RECURSION = YES;
				CLANG_WARN_INT_CONVERSION = YES;
				CLANG_WARN_NON_LITERAL_NULL_CONVERSION = YES;
				CLANG_WARN_OBJC_IMPLICIT_RETAIN_SELF = YES;
				CLANG_WARN_OBJC_LITERAL_CONVERSION = YES;
				CLANG_WARN_OBJC_ROOT_CLASS = YES_ERROR;
				CLANG_WARN_QUOTED_INCLUDE_IN_FRAMEWORK_HEADER = YES;
				CLANG_WARN_RANGE_LOOP_ANALYSIS = YES;
				CLANG_WARN_STRICT_PROTOTYPES = YES;
				CLANG_WARN_SUSPICIOUS_MOVE = YES;
				CLANG_WARN_UNGUARDED_AVAILABILITY = YES_AGGRESSIVE;
				CLANG_WARN_UNREACHABLE_CODE = YES;
				CLANG_WARN__DUPLICATE_METHOD_MATCH = YES;
				COPY_PHASE_STRIP = NO;
				DEBUG_INFORMATION_FORMAT = "dwarf-with-dsym";
				ENABLE_NS_ASSERTIONS = NO;
				ENABLE_STRICT_OBJC_MSGSEND = YES;
				GCC_C_LANGUAGE_STANDARD = gnu11;
				GCC_NO_COMMON_BLOCKS = YES;
				GCC_WARN_64_TO_32_BIT_CONVERSION = YES;
				GCC_WARN_ABOUT_RETURN_TYPE = YES_ERROR;
				GCC_WARN_UNDECLARED_SELECTOR = YES;
				GCC_WARN_UNINITIALIZED_AUTOS = YES_AGGRESSIVE;
				GCC_WARN_UNUSED_FUNCTION = YES;
				GCC_WARN_UNUSED_VARIABLE = YES;
				IPHONEOS_DEPLOYMENT_TARGET = 14.3;
				MTL_ENABLE_DEBUG_INFO = NO;
				MTL_FAST_MATH = YES;
				SDKROOT = iphoneos;
				SWIFT_COMPILATION_MODE = wholemodule;
				SWIFT_OPTIMIZATION_LEVEL = "-O";
				VALIDATE_PRODUCT = YES;
			};
			name = Release;
		};
		2713524B258BBFE5003DF55F /* Debug */ = {
			isa = XCBuildConfiguration;
			buildSettings = {
				ASSETCATALOG_COMPILER_APPICON_NAME = AppIcon;
				ASSETCATALOG_COMPILER_GLOBAL_ACCENT_COLOR_NAME = AccentColor;
				CODE_SIGN_STYLE = Automatic;
				DEVELOPMENT_ASSET_PATHS = "\"BillSplit/Preview Content\"";
				DEVELOPMENT_TEAM = Y93JMM3H2T;
				ENABLE_PREVIEWS = YES;
				INFOPLIST_FILE = BillSplit/Info.plist;
				IPHONEOS_DEPLOYMENT_TARGET = 14.0;
				LD_RUNPATH_SEARCH_PATHS = (
					"$(inherited)",
					"@executable_path/Frameworks",
				);
				PRODUCT_BUNDLE_IDENTIFIER = com.mathocosta.BillSplit;
				PRODUCT_NAME = "$(TARGET_NAME)";
				SWIFT_VERSION = 5.0;
				TARGETED_DEVICE_FAMILY = "1,2";
			};
			name = Debug;
		};
		2713524C258BBFE5003DF55F /* Release */ = {
			isa = XCBuildConfiguration;
			buildSettings = {
				ASSETCATALOG_COMPILER_APPICON_NAME = AppIcon;
				ASSETCATALOG_COMPILER_GLOBAL_ACCENT_COLOR_NAME = AccentColor;
				CODE_SIGN_STYLE = Automatic;
				DEVELOPMENT_ASSET_PATHS = "\"BillSplit/Preview Content\"";
				DEVELOPMENT_TEAM = Y93JMM3H2T;
				ENABLE_PREVIEWS = YES;
				INFOPLIST_FILE = BillSplit/Info.plist;
				IPHONEOS_DEPLOYMENT_TARGET = 14.0;
				LD_RUNPATH_SEARCH_PATHS = (
					"$(inherited)",
					"@executable_path/Frameworks",
				);
				PRODUCT_BUNDLE_IDENTIFIER = com.mathocosta.BillSplit;
				PRODUCT_NAME = "$(TARGET_NAME)";
				SWIFT_VERSION = 5.0;
				TARGETED_DEVICE_FAMILY = "1,2";
			};
			name = Release;
		};
		2713524E258BBFE5003DF55F /* Debug */ = {
			isa = XCBuildConfiguration;
			buildSettings = {
				ALWAYS_EMBED_SWIFT_STANDARD_LIBRARIES = YES;
				BUNDLE_LOADER = "$(TEST_HOST)";
				CODE_SIGN_STYLE = Automatic;
				DEVELOPMENT_TEAM = Y93JMM3H2T;
				INFOPLIST_FILE = BillSplitTests/Info.plist;
				IPHONEOS_DEPLOYMENT_TARGET = 14.0;
				LD_RUNPATH_SEARCH_PATHS = (
					"$(inherited)",
					"@executable_path/Frameworks",
					"@loader_path/Frameworks",
				);
				PRODUCT_BUNDLE_IDENTIFIER = com.mathocosta.BillSplitTests;
				PRODUCT_NAME = "$(TARGET_NAME)";
				SWIFT_VERSION = 5.0;
				TARGETED_DEVICE_FAMILY = "1,2";
				TEST_HOST = "$(BUILT_PRODUCTS_DIR)/BillSplit.app/BillSplit";
			};
			name = Debug;
		};
		2713524F258BBFE5003DF55F /* Release */ = {
			isa = XCBuildConfiguration;
			buildSettings = {
				ALWAYS_EMBED_SWIFT_STANDARD_LIBRARIES = YES;
				BUNDLE_LOADER = "$(TEST_HOST)";
				CODE_SIGN_STYLE = Automatic;
				DEVELOPMENT_TEAM = Y93JMM3H2T;
				INFOPLIST_FILE = BillSplitTests/Info.plist;
				IPHONEOS_DEPLOYMENT_TARGET = 14.0;
				LD_RUNPATH_SEARCH_PATHS = (
					"$(inherited)",
					"@executable_path/Frameworks",
					"@loader_path/Frameworks",
				);
				PRODUCT_BUNDLE_IDENTIFIER = com.mathocosta.BillSplitTests;
				PRODUCT_NAME = "$(TARGET_NAME)";
				SWIFT_VERSION = 5.0;
				TARGETED_DEVICE_FAMILY = "1,2";
				TEST_HOST = "$(BUILT_PRODUCTS_DIR)/BillSplit.app/BillSplit";
			};
			name = Release;
		};
		27135251258BBFE5003DF55F /* Debug */ = {
			isa = XCBuildConfiguration;
			buildSettings = {
				ALWAYS_EMBED_SWIFT_STANDARD_LIBRARIES = YES;
				CODE_SIGN_STYLE = Automatic;
				DEVELOPMENT_TEAM = Y93JMM3H2T;
				INFOPLIST_FILE = BillSplitUITests/Info.plist;
				LD_RUNPATH_SEARCH_PATHS = (
					"$(inherited)",
					"@executable_path/Frameworks",
					"@loader_path/Frameworks",
				);
				PRODUCT_BUNDLE_IDENTIFIER = com.mathocosta.BillSplitUITests;
				PRODUCT_NAME = "$(TARGET_NAME)";
				SWIFT_VERSION = 5.0;
				TARGETED_DEVICE_FAMILY = "1,2";
				TEST_TARGET_NAME = BillSplit;
			};
			name = Debug;
		};
		27135252258BBFE5003DF55F /* Release */ = {
			isa = XCBuildConfiguration;
			buildSettings = {
				ALWAYS_EMBED_SWIFT_STANDARD_LIBRARIES = YES;
				CODE_SIGN_STYLE = Automatic;
				DEVELOPMENT_TEAM = Y93JMM3H2T;
				INFOPLIST_FILE = BillSplitUITests/Info.plist;
				LD_RUNPATH_SEARCH_PATHS = (
					"$(inherited)",
					"@executable_path/Frameworks",
					"@loader_path/Frameworks",
				);
				PRODUCT_BUNDLE_IDENTIFIER = com.mathocosta.BillSplitUITests;
				PRODUCT_NAME = "$(TARGET_NAME)";
				SWIFT_VERSION = 5.0;
				TARGETED_DEVICE_FAMILY = "1,2";
				TEST_TARGET_NAME = BillSplit;
			};
			name = Release;
		};
/* End XCBuildConfiguration section */

/* Begin XCConfigurationList section */
		27135220258BBFE2003DF55F /* Build configuration list for PBXProject "BillSplit" */ = {
			isa = XCConfigurationList;
			buildConfigurations = (
				27135248258BBFE5003DF55F /* Debug */,
				27135249258BBFE5003DF55F /* Release */,
			);
			defaultConfigurationIsVisible = 0;
			defaultConfigurationName = Release;
		};
		2713524A258BBFE5003DF55F /* Build configuration list for PBXNativeTarget "BillSplit" */ = {
			isa = XCConfigurationList;
			buildConfigurations = (
				2713524B258BBFE5003DF55F /* Debug */,
				2713524C258BBFE5003DF55F /* Release */,
			);
			defaultConfigurationIsVisible = 0;
			defaultConfigurationName = Release;
		};
		2713524D258BBFE5003DF55F /* Build configuration list for PBXNativeTarget "BillSplitTests" */ = {
			isa = XCConfigurationList;
			buildConfigurations = (
				2713524E258BBFE5003DF55F /* Debug */,
				2713524F258BBFE5003DF55F /* Release */,
			);
			defaultConfigurationIsVisible = 0;
			defaultConfigurationName = Release;
		};
		27135250258BBFE5003DF55F /* Build configuration list for PBXNativeTarget "BillSplitUITests" */ = {
			isa = XCConfigurationList;
			buildConfigurations = (
				27135251258BBFE5003DF55F /* Debug */,
				27135252258BBFE5003DF55F /* Release */,
			);
			defaultConfigurationIsVisible = 0;
			defaultConfigurationName = Release;
		};
/* End XCConfigurationList section */
	};
	rootObject = 2713521D258BBFE2003DF55F /* Project object */;
}
